// !$*UTF8*$!
{
	archiveVersion = 1;
	classes = {
	};
	objectVersion = 55;
	objects = {

/* Begin PBXBuildFile section */
		3A7976D62734BB890070E684 /* AppDelegate.swift in Sources */ = {isa = PBXBuildFile; fileRef = 3A7976D52734BB890070E684 /* AppDelegate.swift */; };
		3A7976D82734BB890070E684 /* SceneDelegate.swift in Sources */ = {isa = PBXBuildFile; fileRef = 3A7976D72734BB890070E684 /* SceneDelegate.swift */; };
		3A7976DA2734BB890070E684 /* HomeViewController.swift in Sources */ = {isa = PBXBuildFile; fileRef = 3A7976D92734BB890070E684 /* HomeViewController.swift */; };
		3A7976DD2734BB890070E684 /* Main.storyboard in Resources */ = {isa = PBXBuildFile; fileRef = 3A7976DB2734BB890070E684 /* Main.storyboard */; };
		3A7976DF2734BB8B0070E684 /* Assets.xcassets in Resources */ = {isa = PBXBuildFile; fileRef = 3A7976DE2734BB8B0070E684 /* Assets.xcassets */; };
		3A7976E22734BB8B0070E684 /* LaunchScreen.storyboard in Resources */ = {isa = PBXBuildFile; fileRef = 3A7976E02734BB8B0070E684 /* LaunchScreen.storyboard */; };
		3A7976E72734BB8B0070E684 /* GambleToby_Pickup WatchKit App.app in Embed Watch Content */ = {isa = PBXBuildFile; fileRef = 3A7976E62734BB8B0070E684 /* GambleToby_Pickup WatchKit App.app */; settings = {ATTRIBUTES = (RemoveHeadersOnCopy, ); }; };
		3A7976ED2734BB8B0070E684 /* Interface.storyboard in Resources */ = {isa = PBXBuildFile; fileRef = 3A7976EB2734BB8B0070E684 /* Interface.storyboard */; };
		3A7976EF2734BB8C0070E684 /* Assets.xcassets in Resources */ = {isa = PBXBuildFile; fileRef = 3A7976EE2734BB8C0070E684 /* Assets.xcassets */; };
		3A7976F52734BB8C0070E684 /* GambleToby_Pickup WatchKit Extension.appex in Embed App Extensions */ = {isa = PBXBuildFile; fileRef = 3A7976F42734BB8C0070E684 /* GambleToby_Pickup WatchKit Extension.appex */; settings = {ATTRIBUTES = (RemoveHeadersOnCopy, ); }; };
		3A7976FA2734BB8C0070E684 /* HomeInterfaceController.swift in Sources */ = {isa = PBXBuildFile; fileRef = 3A7976F92734BB8C0070E684 /* HomeInterfaceController.swift */; };
		3A7976FC2734BB8C0070E684 /* ExtensionDelegate.swift in Sources */ = {isa = PBXBuildFile; fileRef = 3A7976FB2734BB8C0070E684 /* ExtensionDelegate.swift */; };
		3A7976FE2734BB8C0070E684 /* NotificationController.swift in Sources */ = {isa = PBXBuildFile; fileRef = 3A7976FD2734BB8C0070E684 /* NotificationController.swift */; };
		3A7977002734BB8C0070E684 /* ComplicationController.swift in Sources */ = {isa = PBXBuildFile; fileRef = 3A7976FF2734BB8C0070E684 /* ComplicationController.swift */; };
		3A7977022734BB8D0070E684 /* Assets.xcassets in Resources */ = {isa = PBXBuildFile; fileRef = 3A7977012734BB8D0070E684 /* Assets.xcassets */; };
		3A797715273730420070E684 /* SuggestionsTableViewController.swift in Sources */ = {isa = PBXBuildFile; fileRef = 3A797714273730420070E684 /* SuggestionsTableViewController.swift */; };
		3A797719273740210070E684 /* MKPlacemark_Extension.swift in Sources */ = {isa = PBXBuildFile; fileRef = 3A797718273740210070E684 /* MKPlacemark_Extension.swift */; };
		3A79771B273742CF0070E684 /* Localizable.strings in Resources */ = {isa = PBXBuildFile; fileRef = 3A79771A273742CF0070E684 /* Localizable.strings */; };
		3A79771D2737FB020070E684 /* SearchViewController.swift in Sources */ = {isa = PBXBuildFile; fileRef = 3A79771C2737FB020070E684 /* SearchViewController.swift */; };
		3A79771F273809090070E684 /* Schools.json in Resources */ = {isa = PBXBuildFile; fileRef = 3A79771E273809090070E684 /* Schools.json */; };
		3A7977212738183C0070E684 /* ResultsViewController.swift in Sources */ = {isa = PBXBuildFile; fileRef = 3A7977202738183C0070E684 /* ResultsViewController.swift */; };
		3A797724273819F90070E684 /* School.swift in Sources */ = {isa = PBXBuildFile; fileRef = 3A797723273819F90070E684 /* School.swift */; };
		3A79772627381A030070E684 /* Student.swift in Sources */ = {isa = PBXBuildFile; fileRef = 3A79772527381A030070E684 /* Student.swift */; };
		3A797728273888230070E684 /* SchoolViewController.swift in Sources */ = {isa = PBXBuildFile; fileRef = 3A797727273888230070E684 /* SchoolViewController.swift */; };
		3A79772A2738B5110070E684 /* RequestViewController.swift in Sources */ = {isa = PBXBuildFile; fileRef = 3A7977292738B5110070E684 /* RequestViewController.swift */; };
		3A79772C2738BF900070E684 /* Student.swift in Sources */ = {isa = PBXBuildFile; fileRef = 3A79772527381A030070E684 /* Student.swift */; };
		3A8471D52740229300B60371 /* SchoolInterfaceController.swift in Sources */ = {isa = PBXBuildFile; fileRef = 3A8471D42740229300B60371 /* SchoolInterfaceController.swift */; };
		3A8471D92740566B00B60371 /* RequestInterfaceController.swift in Sources */ = {isa = PBXBuildFile; fileRef = 3A8471D82740566B00B60371 /* RequestInterfaceController.swift */; };
		3ABCE1012746FFBA00B12EB6 /* CustomTableViewCell.swift in Sources */ = {isa = PBXBuildFile; fileRef = 3ABCE1002746FFBA00B12EB6 /* CustomTableViewCell.swift */; };
		3ABCE1032747D0FC00B12EB6 /* StudentCollectionViewCell.swift in Sources */ = {isa = PBXBuildFile; fileRef = 3ABCE1022747D0FC00B12EB6 /* StudentCollectionViewCell.swift */; };
		3ABCE10527483B7600B12EB6 /* Token.swift in Sources */ = {isa = PBXBuildFile; fileRef = 3ABCE10427483B7600B12EB6 /* Token.swift */; };
		3ABCE106274843BA00B12EB6 /* Token.swift in Sources */ = {isa = PBXBuildFile; fileRef = 3ABCE10427483B7600B12EB6 /* Token.swift */; };
		3ABCE1092749A28B00B12EB6 /* School.swift in Sources */ = {isa = PBXBuildFile; fileRef = 3A797723273819F90070E684 /* School.swift */; };
		3ABCE10A2749A35800B12EB6 /* UserDefaults_Extension.swift in Sources */ = {isa = PBXBuildFile; fileRef = 3AC15808273F043400ECD9BA /* UserDefaults_Extension.swift */; };
		3ABCE10F274A849700B12EB6 /* ViewStyle_Extension.swift in Sources */ = {isa = PBXBuildFile; fileRef = 3ABCE10E274A849700B12EB6 /* ViewStyle_Extension.swift */; };
		3AC15809273F043400ECD9BA /* UserDefaults_Extension.swift in Sources */ = {isa = PBXBuildFile; fileRef = 3AC15808273F043400ECD9BA /* UserDefaults_Extension.swift */; };
/* End PBXBuildFile section */

/* Begin PBXContainerItemProxy section */
		3A7976E82734BB8B0070E684 /* PBXContainerItemProxy */ = {
			isa = PBXContainerItemProxy;
			containerPortal = 3A7976CA2734BB890070E684 /* Project object */;
			proxyType = 1;
			remoteGlobalIDString = 3A7976E52734BB8B0070E684;
			remoteInfo = "GambleToby_Pickup_Alpha WatchKit App";
		};
		3A7976F62734BB8C0070E684 /* PBXContainerItemProxy */ = {
			isa = PBXContainerItemProxy;
			containerPortal = 3A7976CA2734BB890070E684 /* Project object */;
			proxyType = 1;
			remoteGlobalIDString = 3A7976F32734BB8C0070E684;
			remoteInfo = "GambleToby_Pickup_Alpha WatchKit Extension";
		};
/* End PBXContainerItemProxy section */

/* Begin PBXCopyFilesBuildPhase section */
		3A79770A2734BB8D0070E684 /* Embed App Extensions */ = {
			isa = PBXCopyFilesBuildPhase;
			buildActionMask = 2147483647;
			dstPath = "";
			dstSubfolderSpec = 13;
			files = (
				3A7976F52734BB8C0070E684 /* GambleToby_Pickup WatchKit Extension.appex in Embed App Extensions */,
			);
			name = "Embed App Extensions";
			runOnlyForDeploymentPostprocessing = 0;
		};
		3A79770E2734BB8D0070E684 /* Embed Watch Content */ = {
			isa = PBXCopyFilesBuildPhase;
			buildActionMask = 2147483647;
			dstPath = "$(CONTENTS_FOLDER_PATH)/Watch";
			dstSubfolderSpec = 16;
			files = (
				3A7976E72734BB8B0070E684 /* GambleToby_Pickup WatchKit App.app in Embed Watch Content */,
			);
			name = "Embed Watch Content";
			runOnlyForDeploymentPostprocessing = 0;
		};
/* End PBXCopyFilesBuildPhase section */

/* Begin PBXFileReference section */
		3A7976D22734BB890070E684 /* GambleToby_Pickup.app */ = {isa = PBXFileReference; explicitFileType = wrapper.application; includeInIndex = 0; path = GambleToby_Pickup.app; sourceTree = BUILT_PRODUCTS_DIR; };
		3A7976D52734BB890070E684 /* AppDelegate.swift */ = {isa = PBXFileReference; lastKnownFileType = sourcecode.swift; path = AppDelegate.swift; sourceTree = "<group>"; };
		3A7976D72734BB890070E684 /* SceneDelegate.swift */ = {isa = PBXFileReference; lastKnownFileType = sourcecode.swift; path = SceneDelegate.swift; sourceTree = "<group>"; };
		3A7976D92734BB890070E684 /* HomeViewController.swift */ = {isa = PBXFileReference; lastKnownFileType = sourcecode.swift; path = HomeViewController.swift; sourceTree = "<group>"; };
		3A7976DC2734BB890070E684 /* Base */ = {isa = PBXFileReference; lastKnownFileType = file.storyboard; name = Base; path = Base.lproj/Main.storyboard; sourceTree = "<group>"; };
		3A7976DE2734BB8B0070E684 /* Assets.xcassets */ = {isa = PBXFileReference; lastKnownFileType = folder.assetcatalog; path = Assets.xcassets; sourceTree = "<group>"; };
		3A7976E12734BB8B0070E684 /* Base */ = {isa = PBXFileReference; lastKnownFileType = file.storyboard; name = Base; path = Base.lproj/LaunchScreen.storyboard; sourceTree = "<group>"; };
		3A7976E32734BB8B0070E684 /* Info.plist */ = {isa = PBXFileReference; lastKnownFileType = text.plist.xml; path = Info.plist; sourceTree = "<group>"; };
		3A7976E62734BB8B0070E684 /* GambleToby_Pickup WatchKit App.app */ = {isa = PBXFileReference; explicitFileType = wrapper.application; includeInIndex = 0; path = "GambleToby_Pickup WatchKit App.app"; sourceTree = BUILT_PRODUCTS_DIR; };
		3A7976EC2734BB8B0070E684 /* Base */ = {isa = PBXFileReference; lastKnownFileType = file.storyboard; name = Base; path = Base.lproj/Interface.storyboard; sourceTree = "<group>"; };
		3A7976EE2734BB8C0070E684 /* Assets.xcassets */ = {isa = PBXFileReference; lastKnownFileType = folder.assetcatalog; path = Assets.xcassets; sourceTree = "<group>"; };
		3A7976F42734BB8C0070E684 /* GambleToby_Pickup WatchKit Extension.appex */ = {isa = PBXFileReference; explicitFileType = "wrapper.app-extension"; includeInIndex = 0; path = "GambleToby_Pickup WatchKit Extension.appex"; sourceTree = BUILT_PRODUCTS_DIR; };
		3A7976F92734BB8C0070E684 /* HomeInterfaceController.swift */ = {isa = PBXFileReference; lastKnownFileType = sourcecode.swift; path = HomeInterfaceController.swift; sourceTree = "<group>"; };
		3A7976FB2734BB8C0070E684 /* ExtensionDelegate.swift */ = {isa = PBXFileReference; lastKnownFileType = sourcecode.swift; path = ExtensionDelegate.swift; sourceTree = "<group>"; };
		3A7976FD2734BB8C0070E684 /* NotificationController.swift */ = {isa = PBXFileReference; lastKnownFileType = sourcecode.swift; path = NotificationController.swift; sourceTree = "<group>"; };
		3A7976FF2734BB8C0070E684 /* ComplicationController.swift */ = {isa = PBXFileReference; lastKnownFileType = sourcecode.swift; path = ComplicationController.swift; sourceTree = "<group>"; };
		3A7977012734BB8D0070E684 /* Assets.xcassets */ = {isa = PBXFileReference; lastKnownFileType = folder.assetcatalog; path = Assets.xcassets; sourceTree = "<group>"; };
		3A7977032734BB8D0070E684 /* Info.plist */ = {isa = PBXFileReference; lastKnownFileType = text.plist.xml; path = Info.plist; sourceTree = "<group>"; };
		3A7977042734BB8D0070E684 /* PushNotificationPayload.apns */ = {isa = PBXFileReference; lastKnownFileType = text; path = PushNotificationPayload.apns; sourceTree = "<group>"; };
		3A797714273730420070E684 /* SuggestionsTableViewController.swift */ = {isa = PBXFileReference; lastKnownFileType = sourcecode.swift; path = SuggestionsTableViewController.swift; sourceTree = "<group>"; };
		3A797718273740210070E684 /* MKPlacemark_Extension.swift */ = {isa = PBXFileReference; lastKnownFileType = sourcecode.swift; path = MKPlacemark_Extension.swift; sourceTree = "<group>"; };
		3A79771A273742CF0070E684 /* Localizable.strings */ = {isa = PBXFileReference; lastKnownFileType = text.plist.strings; path = Localizable.strings; sourceTree = "<group>"; };
		3A79771C2737FB020070E684 /* SearchViewController.swift */ = {isa = PBXFileReference; lastKnownFileType = sourcecode.swift; path = SearchViewController.swift; sourceTree = "<group>"; };
		3A79771E273809090070E684 /* Schools.json */ = {isa = PBXFileReference; lastKnownFileType = text.json; path = Schools.json; sourceTree = "<group>"; };
		3A7977202738183C0070E684 /* ResultsViewController.swift */ = {isa = PBXFileReference; lastKnownFileType = sourcecode.swift; path = ResultsViewController.swift; sourceTree = "<group>"; };
		3A797723273819F90070E684 /* School.swift */ = {isa = PBXFileReference; lastKnownFileType = sourcecode.swift; path = School.swift; sourceTree = "<group>"; };
		3A79772527381A030070E684 /* Student.swift */ = {isa = PBXFileReference; lastKnownFileType = sourcecode.swift; path = Student.swift; sourceTree = "<group>"; };
		3A797727273888230070E684 /* SchoolViewController.swift */ = {isa = PBXFileReference; lastKnownFileType = sourcecode.swift; path = SchoolViewController.swift; sourceTree = "<group>"; };
		3A7977292738B5110070E684 /* RequestViewController.swift */ = {isa = PBXFileReference; lastKnownFileType = sourcecode.swift; path = RequestViewController.swift; sourceTree = "<group>"; };
		3A8471D42740229300B60371 /* SchoolInterfaceController.swift */ = {isa = PBXFileReference; lastKnownFileType = sourcecode.swift; path = SchoolInterfaceController.swift; sourceTree = "<group>"; };
		3A8471D82740566B00B60371 /* RequestInterfaceController.swift */ = {isa = PBXFileReference; lastKnownFileType = sourcecode.swift; path = RequestInterfaceController.swift; sourceTree = "<group>"; };
		3ABCE1002746FFBA00B12EB6 /* CustomTableViewCell.swift */ = {isa = PBXFileReference; lastKnownFileType = sourcecode.swift; path = CustomTableViewCell.swift; sourceTree = "<group>"; };
		3ABCE1022747D0FC00B12EB6 /* StudentCollectionViewCell.swift */ = {isa = PBXFileReference; lastKnownFileType = sourcecode.swift; path = StudentCollectionViewCell.swift; sourceTree = "<group>"; };
		3ABCE10427483B7600B12EB6 /* Token.swift */ = {isa = PBXFileReference; lastKnownFileType = sourcecode.swift; path = Token.swift; sourceTree = "<group>"; };
		3ABCE10E274A849700B12EB6 /* ViewStyle_Extension.swift */ = {isa = PBXFileReference; lastKnownFileType = sourcecode.swift; path = ViewStyle_Extension.swift; sourceTree = "<group>"; };
		3AC15808273F043400ECD9BA /* UserDefaults_Extension.swift */ = {isa = PBXFileReference; lastKnownFileType = sourcecode.swift; path = UserDefaults_Extension.swift; sourceTree = "<group>"; };
/* End PBXFileReference section */

/* Begin PBXFrameworksBuildPhase section */
		3A7976CF2734BB890070E684 /* Frameworks */ = {
			isa = PBXFrameworksBuildPhase;
			buildActionMask = 2147483647;
			files = (
			);
			runOnlyForDeploymentPostprocessing = 0;
		};
		3A7976F12734BB8C0070E684 /* Frameworks */ = {
			isa = PBXFrameworksBuildPhase;
			buildActionMask = 2147483647;
			files = (
			);
			runOnlyForDeploymentPostprocessing = 0;
		};
/* End PBXFrameworksBuildPhase section */

/* Begin PBXGroup section */
		3A7976C92734BB890070E684 = {
			isa = PBXGroup;
			children = (
				3A7976D42734BB890070E684 /* GambleToby_Pickup */,
				3A7976EA2734BB8B0070E684 /* GambleToby_Pickup WatchKit App */,
				3A7976F82734BB8C0070E684 /* GambleToby_Pickup WatchKit Extension */,
				3A7976D32734BB890070E684 /* Products */,
			);
			sourceTree = "<group>";
		};
		3A7976D32734BB890070E684 /* Products */ = {
			isa = PBXGroup;
			children = (
				3A7976D22734BB890070E684 /* GambleToby_Pickup.app */,
				3A7976E62734BB8B0070E684 /* GambleToby_Pickup WatchKit App.app */,
				3A7976F42734BB8C0070E684 /* GambleToby_Pickup WatchKit Extension.appex */,
			);
			name = Products;
			sourceTree = "<group>";
		};
		3A7976D42734BB890070E684 /* GambleToby_Pickup */ = {
			isa = PBXGroup;
			children = (
				3A7976D52734BB890070E684 /* AppDelegate.swift */,
				3A7976D72734BB890070E684 /* SceneDelegate.swift */,
				3A797722273819DF0070E684 /* DataModels */,
				3ABCE10B274A7EAE00B12EB6 /* ViewControllers */,
				3ABCE10C274A7EED00B12EB6 /* Extensions */,
				3ABCE10D274A7F0C00B12EB6 /* CustomCells */,
				3A79771A273742CF0070E684 /* Localizable.strings */,
				3A79771E273809090070E684 /* Schools.json */,
				3A7976DB2734BB890070E684 /* Main.storyboard */,
				3A7976DE2734BB8B0070E684 /* Assets.xcassets */,
				3A7976E02734BB8B0070E684 /* LaunchScreen.storyboard */,
				3A7976E32734BB8B0070E684 /* Info.plist */,
			);
			path = GambleToby_Pickup;
			sourceTree = "<group>";
		};
		3A7976EA2734BB8B0070E684 /* GambleToby_Pickup WatchKit App */ = {
			isa = PBXGroup;
			children = (
				3A7976EB2734BB8B0070E684 /* Interface.storyboard */,
				3A7976EE2734BB8C0070E684 /* Assets.xcassets */,
			);
			path = "GambleToby_Pickup WatchKit App";
			sourceTree = "<group>";
		};
		3A7976F82734BB8C0070E684 /* GambleToby_Pickup WatchKit Extension */ = {
			isa = PBXGroup;
			children = (
				3A7976F92734BB8C0070E684 /* HomeInterfaceController.swift */,
				3A8471D42740229300B60371 /* SchoolInterfaceController.swift */,
				3A8471D82740566B00B60371 /* RequestInterfaceController.swift */,
				3A7976FB2734BB8C0070E684 /* ExtensionDelegate.swift */,
				3A7976FD2734BB8C0070E684 /* NotificationController.swift */,
				3A7976FF2734BB8C0070E684 /* ComplicationController.swift */,
				3A7977012734BB8D0070E684 /* Assets.xcassets */,
				3A7977032734BB8D0070E684 /* Info.plist */,
				3A7977042734BB8D0070E684 /* PushNotificationPayload.apns */,
			);
			path = "GambleToby_Pickup WatchKit Extension";
			sourceTree = "<group>";
		};
		3A797722273819DF0070E684 /* DataModels */ = {
			isa = PBXGroup;
			children = (
				3A797723273819F90070E684 /* School.swift */,
				3A79772527381A030070E684 /* Student.swift */,
				3ABCE10427483B7600B12EB6 /* Token.swift */,
			);
			path = DataModels;
			sourceTree = "<group>";
		};
		3ABCE10B274A7EAE00B12EB6 /* ViewControllers */ = {
			isa = PBXGroup;
			children = (
				3A7976D92734BB890070E684 /* HomeViewController.swift */,
				3A797727273888230070E684 /* SchoolViewController.swift */,
				3A7977292738B5110070E684 /* RequestViewController.swift */,
				3A79771C2737FB020070E684 /* SearchViewController.swift */,
				3A797714273730420070E684 /* SuggestionsTableViewController.swift */,
				3A7977202738183C0070E684 /* ResultsViewController.swift */,
			);
			path = ViewControllers;
			sourceTree = "<group>";
		};
		3ABCE10C274A7EED00B12EB6 /* Extensions */ = {
			isa = PBXGroup;
			children = (
				3AC15808273F043400ECD9BA /* UserDefaults_Extension.swift */,
				3A797718273740210070E684 /* MKPlacemark_Extension.swift */,
				3ABCE10E274A849700B12EB6 /* ViewStyle_Extension.swift */,
			);
			path = Extensions;
			sourceTree = "<group>";
		};
		3ABCE10D274A7F0C00B12EB6 /* CustomCells */ = {
			isa = PBXGroup;
			children = (
				3ABCE1002746FFBA00B12EB6 /* CustomTableViewCell.swift */,
				3ABCE1022747D0FC00B12EB6 /* StudentCollectionViewCell.swift */,
			);
			path = CustomCells;
			sourceTree = "<group>";
		};
/* End PBXGroup section */

/* Begin PBXNativeTarget section */
		3A7976D12734BB890070E684 /* GambleToby_Pickup */ = {
			isa = PBXNativeTarget;
			buildConfigurationList = 3A79770F2734BB8D0070E684 /* Build configuration list for PBXNativeTarget "GambleToby_Pickup" */;
			buildPhases = (
				3A7976CE2734BB890070E684 /* Sources */,
				3A7976CF2734BB890070E684 /* Frameworks */,
				3A7976D02734BB890070E684 /* Resources */,
				3A79770E2734BB8D0070E684 /* Embed Watch Content */,
			);
			buildRules = (
			);
			dependencies = (
				3A7976E92734BB8B0070E684 /* PBXTargetDependency */,
			);
			name = GambleToby_Pickup;
			productName = GambleToby_Pickup_Alpha;
			productReference = 3A7976D22734BB890070E684 /* GambleToby_Pickup.app */;
			productType = "com.apple.product-type.application";
		};
		3A7976E52734BB8B0070E684 /* GambleToby_Pickup WatchKit App */ = {
			isa = PBXNativeTarget;
			buildConfigurationList = 3A79770B2734BB8D0070E684 /* Build configuration list for PBXNativeTarget "GambleToby_Pickup WatchKit App" */;
			buildPhases = (
				3A7976E42734BB8B0070E684 /* Resources */,
				3A79770A2734BB8D0070E684 /* Embed App Extensions */,
			);
			buildRules = (
			);
			dependencies = (
				3A7976F72734BB8C0070E684 /* PBXTargetDependency */,
			);
			name = "GambleToby_Pickup WatchKit App";
			productName = "GambleToby_Pickup_Alpha WatchKit App";
			productReference = 3A7976E62734BB8B0070E684 /* GambleToby_Pickup WatchKit App.app */;
			productType = "com.apple.product-type.application.watchapp2";
		};
		3A7976F32734BB8C0070E684 /* GambleToby_Pickup WatchKit Extension */ = {
			isa = PBXNativeTarget;
			buildConfigurationList = 3A7977072734BB8D0070E684 /* Build configuration list for PBXNativeTarget "GambleToby_Pickup WatchKit Extension" */;
			buildPhases = (
				3A7976F02734BB8C0070E684 /* Sources */,
				3A7976F12734BB8C0070E684 /* Frameworks */,
				3A7976F22734BB8C0070E684 /* Resources */,
			);
			buildRules = (
			);
			dependencies = (
			);
			name = "GambleToby_Pickup WatchKit Extension";
			productName = "GambleToby_Pickup_Alpha WatchKit Extension";
			productReference = 3A7976F42734BB8C0070E684 /* GambleToby_Pickup WatchKit Extension.appex */;
			productType = "com.apple.product-type.watchkit2-extension";
		};
/* End PBXNativeTarget section */

/* Begin PBXProject section */
		3A7976CA2734BB890070E684 /* Project object */ = {
			isa = PBXProject;
			attributes = {
				BuildIndependentTargetsInParallel = 1;
				LastSwiftUpdateCheck = 1310;
				LastUpgradeCheck = 1310;
				TargetAttributes = {
					3A7976D12734BB890070E684 = {
						CreatedOnToolsVersion = 13.1;
					};
					3A7976E52734BB8B0070E684 = {
						CreatedOnToolsVersion = 13.1;
					};
					3A7976F32734BB8C0070E684 = {
						CreatedOnToolsVersion = 13.1;
					};
				};
			};
			buildConfigurationList = 3A7976CD2734BB890070E684 /* Build configuration list for PBXProject "GambleToby_Pickup" */;
			compatibilityVersion = "Xcode 13.0";
			developmentRegion = en;
			hasScannedForEncodings = 0;
			knownRegions = (
				en,
				Base,
			);
			mainGroup = 3A7976C92734BB890070E684;
			productRefGroup = 3A7976D32734BB890070E684 /* Products */;
			projectDirPath = "";
			projectRoot = "";
			targets = (
				3A7976D12734BB890070E684 /* GambleToby_Pickup */,
				3A7976E52734BB8B0070E684 /* GambleToby_Pickup WatchKit App */,
				3A7976F32734BB8C0070E684 /* GambleToby_Pickup WatchKit Extension */,
			);
		};
/* End PBXProject section */

/* Begin PBXResourcesBuildPhase section */
		3A7976D02734BB890070E684 /* Resources */ = {
			isa = PBXResourcesBuildPhase;
			buildActionMask = 2147483647;
			files = (
				3A7976E22734BB8B0070E684 /* LaunchScreen.storyboard in Resources */,
				3A79771F273809090070E684 /* Schools.json in Resources */,
				3A79771B273742CF0070E684 /* Localizable.strings in Resources */,
				3A7976DF2734BB8B0070E684 /* Assets.xcassets in Resources */,
				3A7976DD2734BB890070E684 /* Main.storyboard in Resources */,
			);
			runOnlyForDeploymentPostprocessing = 0;
		};
		3A7976E42734BB8B0070E684 /* Resources */ = {
			isa = PBXResourcesBuildPhase;
			buildActionMask = 2147483647;
			files = (
				3A7976EF2734BB8C0070E684 /* Assets.xcassets in Resources */,
				3A7976ED2734BB8B0070E684 /* Interface.storyboard in Resources */,
			);
			runOnlyForDeploymentPostprocessing = 0;
		};
		3A7976F22734BB8C0070E684 /* Resources */ = {
			isa = PBXResourcesBuildPhase;
			buildActionMask = 2147483647;
			files = (
				3A7977022734BB8D0070E684 /* Assets.xcassets in Resources */,
			);
			runOnlyForDeploymentPostprocessing = 0;
		};
/* End PBXResourcesBuildPhase section */

/* Begin PBXSourcesBuildPhase section */
		3A7976CE2734BB890070E684 /* Sources */ = {
			isa = PBXSourcesBuildPhase;
			buildActionMask = 2147483647;
			files = (
				3ABCE1032747D0FC00B12EB6 /* StudentCollectionViewCell.swift in Sources */,
				3A7976DA2734BB890070E684 /* HomeViewController.swift in Sources */,
				3A79771D2737FB020070E684 /* SearchViewController.swift in Sources */,
				3AC15809273F043400ECD9BA /* UserDefaults_Extension.swift in Sources */,
				3A797728273888230070E684 /* SchoolViewController.swift in Sources */,
				3A797715273730420070E684 /* SuggestionsTableViewController.swift in Sources */,
				3ABCE10527483B7600B12EB6 /* Token.swift in Sources */,
				3A7977212738183C0070E684 /* ResultsViewController.swift in Sources */,
				3A79772627381A030070E684 /* Student.swift in Sources */,
				3A7976D62734BB890070E684 /* AppDelegate.swift in Sources */,
				3A797719273740210070E684 /* MKPlacemark_Extension.swift in Sources */,
				3A79772A2738B5110070E684 /* RequestViewController.swift in Sources */,
				3ABCE10F274A849700B12EB6 /* ViewStyle_Extension.swift in Sources */,
				3A7976D82734BB890070E684 /* SceneDelegate.swift in Sources */,
				3A797724273819F90070E684 /* School.swift in Sources */,
				3ABCE1012746FFBA00B12EB6 /* CustomTableViewCell.swift in Sources */,
			);
			runOnlyForDeploymentPostprocessing = 0;
		};
		3A7976F02734BB8C0070E684 /* Sources */ = {
			isa = PBXSourcesBuildPhase;
			buildActionMask = 2147483647;
			files = (
				3ABCE106274843BA00B12EB6 /* Token.swift in Sources */,
				3A8471D52740229300B60371 /* SchoolInterfaceController.swift in Sources */,
				3ABCE10A2749A35800B12EB6 /* UserDefaults_Extension.swift in Sources */,
				3A7976FE2734BB8C0070E684 /* NotificationController.swift in Sources */,
				3A8471D92740566B00B60371 /* RequestInterfaceController.swift in Sources */,
				3ABCE1092749A28B00B12EB6 /* School.swift in Sources */,
				3A79772C2738BF900070E684 /* Student.swift in Sources */,
				3A7977002734BB8C0070E684 /* ComplicationController.swift in Sources */,
				3A7976FC2734BB8C0070E684 /* ExtensionDelegate.swift in Sources */,
				3A7976FA2734BB8C0070E684 /* HomeInterfaceController.swift in Sources */,
			);
			runOnlyForDeploymentPostprocessing = 0;
		};
/* End PBXSourcesBuildPhase section */

/* Begin PBXTargetDependency section */
		3A7976E92734BB8B0070E684 /* PBXTargetDependency */ = {
			isa = PBXTargetDependency;
			target = 3A7976E52734BB8B0070E684 /* GambleToby_Pickup WatchKit App */;
			targetProxy = 3A7976E82734BB8B0070E684 /* PBXContainerItemProxy */;
		};
		3A7976F72734BB8C0070E684 /* PBXTargetDependency */ = {
			isa = PBXTargetDependency;
			target = 3A7976F32734BB8C0070E684 /* GambleToby_Pickup WatchKit Extension */;
			targetProxy = 3A7976F62734BB8C0070E684 /* PBXContainerItemProxy */;
		};
/* End PBXTargetDependency section */

/* Begin PBXVariantGroup section */
		3A7976DB2734BB890070E684 /* Main.storyboard */ = {
			isa = PBXVariantGroup;
			children = (
				3A7976DC2734BB890070E684 /* Base */,
			);
			name = Main.storyboard;
			sourceTree = "<group>";
		};
		3A7976E02734BB8B0070E684 /* LaunchScreen.storyboard */ = {
			isa = PBXVariantGroup;
			children = (
				3A7976E12734BB8B0070E684 /* Base */,
			);
			name = LaunchScreen.storyboard;
			sourceTree = "<group>";
		};
		3A7976EB2734BB8B0070E684 /* Interface.storyboard */ = {
			isa = PBXVariantGroup;
			children = (
				3A7976EC2734BB8B0070E684 /* Base */,
			);
			name = Interface.storyboard;
			sourceTree = "<group>";
		};
/* End PBXVariantGroup section */

/* Begin XCBuildConfiguration section */
		3A7977052734BB8D0070E684 /* Debug */ = {
			isa = XCBuildConfiguration;
			buildSettings = {
				ALWAYS_SEARCH_USER_PATHS = NO;
				CLANG_ANALYZER_NONNULL = YES;
				CLANG_ANALYZER_NUMBER_OBJECT_CONVERSION = YES_AGGRESSIVE;
				CLANG_CXX_LANGUAGE_STANDARD = "gnu++17";
				CLANG_CXX_LIBRARY = "libc++";
				CLANG_ENABLE_MODULES = YES;
				CLANG_ENABLE_OBJC_ARC = YES;
				CLANG_ENABLE_OBJC_WEAK = YES;
				CLANG_WARN_BLOCK_CAPTURE_AUTORELEASING = YES;
				CLANG_WARN_BOOL_CONVERSION = YES;
				CLANG_WARN_COMMA = YES;
				CLANG_WARN_CONSTANT_CONVERSION = YES;
				CLANG_WARN_DEPRECATED_OBJC_IMPLEMENTATIONS = YES;
				CLANG_WARN_DIRECT_OBJC_ISA_USAGE = YES_ERROR;
				CLANG_WARN_DOCUMENTATION_COMMENTS = YES;
				CLANG_WARN_EMPTY_BODY = YES;
				CLANG_WARN_ENUM_CONVERSION = YES;
				CLANG_WARN_INFINITE_RECURSION = YES;
				CLANG_WARN_INT_CONVERSION = YES;
				CLANG_WARN_NON_LITERAL_NULL_CONVERSION = YES;
				CLANG_WARN_OBJC_IMPLICIT_RETAIN_SELF = YES;
				CLANG_WARN_OBJC_LITERAL_CONVERSION = YES;
				CLANG_WARN_OBJC_ROOT_CLASS = YES_ERROR;
				CLANG_WARN_QUOTED_INCLUDE_IN_FRAMEWORK_HEADER = YES;
				CLANG_WARN_RANGE_LOOP_ANALYSIS = YES;
				CLANG_WARN_STRICT_PROTOTYPES = YES;
				CLANG_WARN_SUSPICIOUS_MOVE = YES;
				CLANG_WARN_UNGUARDED_AVAILABILITY = YES_AGGRESSIVE;
				CLANG_WARN_UNREACHABLE_CODE = YES;
				CLANG_WARN__DUPLICATE_METHOD_MATCH = YES;
				COPY_PHASE_STRIP = NO;
				DEBUG_INFORMATION_FORMAT = dwarf;
				ENABLE_STRICT_OBJC_MSGSEND = YES;
				ENABLE_TESTABILITY = YES;
				GCC_C_LANGUAGE_STANDARD = gnu11;
				GCC_DYNAMIC_NO_PIC = NO;
				GCC_NO_COMMON_BLOCKS = YES;
				GCC_OPTIMIZATION_LEVEL = 0;
				GCC_PREPROCESSOR_DEFINITIONS = (
					"DEBUG=1",
					"$(inherited)",
				);
				GCC_WARN_64_TO_32_BIT_CONVERSION = YES;
				GCC_WARN_ABOUT_RETURN_TYPE = YES_ERROR;
				GCC_WARN_UNDECLARED_SELECTOR = YES;
				GCC_WARN_UNINITIALIZED_AUTOS = YES_AGGRESSIVE;
				GCC_WARN_UNUSED_FUNCTION = YES;
				GCC_WARN_UNUSED_VARIABLE = YES;
				MTL_ENABLE_DEBUG_INFO = INCLUDE_SOURCE;
				MTL_FAST_MATH = YES;
				ONLY_ACTIVE_ARCH = YES;
				SWIFT_ACTIVE_COMPILATION_CONDITIONS = DEBUG;
				SWIFT_OPTIMIZATION_LEVEL = "-Onone";
			};
			name = Debug;
		};
		3A7977062734BB8D0070E684 /* Release */ = {
			isa = XCBuildConfiguration;
			buildSettings = {
				ALWAYS_SEARCH_USER_PATHS = NO;
				CLANG_ANALYZER_NONNULL = YES;
				CLANG_ANALYZER_NUMBER_OBJECT_CONVERSION = YES_AGGRESSIVE;
				CLANG_CXX_LANGUAGE_STANDARD = "gnu++17";
				CLANG_CXX_LIBRARY = "libc++";
				CLANG_ENABLE_MODULES = YES;
				CLANG_ENABLE_OBJC_ARC = YES;
				CLANG_ENABLE_OBJC_WEAK = YES;
				CLANG_WARN_BLOCK_CAPTURE_AUTORELEASING = YES;
				CLANG_WARN_BOOL_CONVERSION = YES;
				CLANG_WARN_COMMA = YES;
				CLANG_WARN_CONSTANT_CONVERSION = YES;
				CLANG_WARN_DEPRECATED_OBJC_IMPLEMENTATIONS = YES;
				CLANG_WARN_DIRECT_OBJC_ISA_USAGE = YES_ERROR;
				CLANG_WARN_DOCUMENTATION_COMMENTS = YES;
				CLANG_WARN_EMPTY_BODY = YES;
				CLANG_WARN_ENUM_CONVERSION = YES;
				CLANG_WARN_INFINITE_RECURSION = YES;
				CLANG_WARN_INT_CONVERSION = YES;
				CLANG_WARN_NON_LITERAL_NULL_CONVERSION = YES;
				CLANG_WARN_OBJC_IMPLICIT_RETAIN_SELF = YES;
				CLANG_WARN_OBJC_LITERAL_CONVERSION = YES;
				CLANG_WARN_OBJC_ROOT_CLASS = YES_ERROR;
				CLANG_WARN_QUOTED_INCLUDE_IN_FRAMEWORK_HEADER = YES;
				CLANG_WARN_RANGE_LOOP_ANALYSIS = YES;
				CLANG_WARN_STRICT_PROTOTYPES = YES;
				CLANG_WARN_SUSPICIOUS_MOVE = YES;
				CLANG_WARN_UNGUARDED_AVAILABILITY = YES_AGGRESSIVE;
				CLANG_WARN_UNREACHABLE_CODE = YES;
				CLANG_WARN__DUPLICATE_METHOD_MATCH = YES;
				COPY_PHASE_STRIP = NO;
				DEBUG_INFORMATION_FORMAT = "dwarf-with-dsym";
				ENABLE_NS_ASSERTIONS = NO;
				ENABLE_STRICT_OBJC_MSGSEND = YES;
				GCC_C_LANGUAGE_STANDARD = gnu11;
				GCC_NO_COMMON_BLOCKS = YES;
				GCC_WARN_64_TO_32_BIT_CONVERSION = YES;
				GCC_WARN_ABOUT_RETURN_TYPE = YES_ERROR;
				GCC_WARN_UNDECLARED_SELECTOR = YES;
				GCC_WARN_UNINITIALIZED_AUTOS = YES_AGGRESSIVE;
				GCC_WARN_UNUSED_FUNCTION = YES;
				GCC_WARN_UNUSED_VARIABLE = YES;
				MTL_ENABLE_DEBUG_INFO = NO;
				MTL_FAST_MATH = YES;
				SWIFT_COMPILATION_MODE = wholemodule;
				SWIFT_OPTIMIZATION_LEVEL = "-O";
			};
			name = Release;
		};
		3A7977082734BB8D0070E684 /* Debug */ = {
			isa = XCBuildConfiguration;
			buildSettings = {
				ASSETCATALOG_COMPILER_COMPLICATION_NAME = Complication;
				CODE_SIGN_STYLE = Automatic;
				CURRENT_PROJECT_VERSION = 1;
				DEVELOPMENT_TEAM = 2Q6N42G82W;
				GENERATE_INFOPLIST_FILE = YES;
				INFOPLIST_FILE = "GambleToby_Pickup WatchKit Extension/Info.plist";
				INFOPLIST_KEY_CFBundleDisplayName = "GambleToby_Pickup WatchKit Extension";
				INFOPLIST_KEY_CLKComplicationPrincipalClass = GambleToby_Pickup_WatchKit_Extension.ComplicationController;
				INFOPLIST_KEY_NSHumanReadableCopyright = "";
				INFOPLIST_KEY_WKExtensionDelegateClassName = GambleToby_Pickup_WatchKit_Extension.ExtensionDelegate;
				INFOPLIST_KEY_WKRunsIndependentlyOfCompanionApp = NO;
				LD_RUNPATH_SEARCH_PATHS = (
					"$(inherited)",
					"@executable_path/Frameworks",
					"@executable_path/../../Frameworks",
				);
				MARKETING_VERSION = 1.0;
				PRODUCT_BUNDLE_IDENTIFIER = "companyname.GambleToby-Pickup.watchkitapp.watchkitextension";
				PRODUCT_NAME = "${TARGET_NAME}";
				SDKROOT = watchos;
				SKIP_INSTALL = YES;
				SWIFT_EMIT_LOC_STRINGS = YES;
				SWIFT_VERSION = 5.0;
				TARGETED_DEVICE_FAMILY = 4;
				WATCHOS_DEPLOYMENT_TARGET = 8.0;
			};
			name = Debug;
		};
		3A7977092734BB8D0070E684 /* Release */ = {
			isa = XCBuildConfiguration;
			buildSettings = {
				ASSETCATALOG_COMPILER_COMPLICATION_NAME = Complication;
				CODE_SIGN_STYLE = Automatic;
				CURRENT_PROJECT_VERSION = 1;
				DEVELOPMENT_TEAM = 2Q6N42G82W;
				GENERATE_INFOPLIST_FILE = YES;
				INFOPLIST_FILE = "GambleToby_Pickup WatchKit Extension/Info.plist";
				INFOPLIST_KEY_CFBundleDisplayName = "GambleToby_Pickup WatchKit Extension";
				INFOPLIST_KEY_CLKComplicationPrincipalClass = GambleToby_Pickup_WatchKit_Extension.ComplicationController;
				INFOPLIST_KEY_NSHumanReadableCopyright = "";
				INFOPLIST_KEY_WKExtensionDelegateClassName = GambleToby_Pickup_WatchKit_Extension.ExtensionDelegate;
				INFOPLIST_KEY_WKRunsIndependentlyOfCompanionApp = NO;
				LD_RUNPATH_SEARCH_PATHS = (
					"$(inherited)",
					"@executable_path/Frameworks",
					"@executable_path/../../Frameworks",
				);
				MARKETING_VERSION = 1.0;
				PRODUCT_BUNDLE_IDENTIFIER = "companyname.GambleToby-Pickup.watchkitapp.watchkitextension";
				PRODUCT_NAME = "${TARGET_NAME}";
				SDKROOT = watchos;
				SKIP_INSTALL = YES;
				SWIFT_EMIT_LOC_STRINGS = YES;
				SWIFT_VERSION = 5.0;
				TARGETED_DEVICE_FAMILY = 4;
				VALIDATE_PRODUCT = YES;
				WATCHOS_DEPLOYMENT_TARGET = 8.0;
			};
			name = Release;
		};
		3A79770C2734BB8D0070E684 /* Debug */ = {
			isa = XCBuildConfiguration;
			buildSettings = {
				ALWAYS_EMBED_SWIFT_STANDARD_LIBRARIES = YES;
				ASSETCATALOG_COMPILER_APPICON_NAME = AppIcon;
				ASSETCATALOG_COMPILER_GLOBAL_ACCENT_COLOR_NAME = AccentColor;
				CODE_SIGN_STYLE = Automatic;
				CURRENT_PROJECT_VERSION = 1;
				DEVELOPMENT_TEAM = 2Q6N42G82W;
				GENERATE_INFOPLIST_FILE = YES;
				IBSC_MODULE = GambleToby_Pickup_Alpha_WatchKit_Extension;
				INFOPLIST_KEY_UISupportedInterfaceOrientations = "UIInterfaceOrientationPortrait UIInterfaceOrientationPortraitUpsideDown";
				INFOPLIST_KEY_WKCompanionAppBundleIdentifier = "companyname.GambleToby-Pickup";
				MARKETING_VERSION = 1.0;
				PRODUCT_BUNDLE_IDENTIFIER = "companyname.GambleToby-Pickup.watchkitapp";
				PRODUCT_NAME = "GambleToby_Pickup WatchKit App";
				SDKROOT = watchos;
				SKIP_INSTALL = YES;
				SWIFT_EMIT_LOC_STRINGS = YES;
				SWIFT_VERSION = 5.0;
				TARGETED_DEVICE_FAMILY = 4;
				WATCHOS_DEPLOYMENT_TARGET = 8.0;
			};
			name = Debug;
		};
		3A79770D2734BB8D0070E684 /* Release */ = {
			isa = XCBuildConfiguration;
			buildSettings = {
				ALWAYS_EMBED_SWIFT_STANDARD_LIBRARIES = YES;
				ASSETCATALOG_COMPILER_APPICON_NAME = AppIcon;
				ASSETCATALOG_COMPILER_GLOBAL_ACCENT_COLOR_NAME = AccentColor;
				CODE_SIGN_STYLE = Automatic;
				CURRENT_PROJECT_VERSION = 1;
				DEVELOPMENT_TEAM = 2Q6N42G82W;
				GENERATE_INFOPLIST_FILE = YES;
				IBSC_MODULE = GambleToby_Pickup_Alpha_WatchKit_Extension;
				INFOPLIST_KEY_UISupportedInterfaceOrientations = "UIInterfaceOrientationPortrait UIInterfaceOrientationPortraitUpsideDown";
				INFOPLIST_KEY_WKCompanionAppBundleIdentifier = "companyname.GambleToby-Pickup";
				MARKETING_VERSION = 1.0;
				PRODUCT_BUNDLE_IDENTIFIER = "companyname.GambleToby-Pickup.watchkitapp";
				PRODUCT_NAME = "GambleToby_Pickup WatchKit App";
				SDKROOT = watchos;
				SKIP_INSTALL = YES;
				SWIFT_EMIT_LOC_STRINGS = YES;
				SWIFT_VERSION = 5.0;
				TARGETED_DEVICE_FAMILY = 4;
				VALIDATE_PRODUCT = YES;
				WATCHOS_DEPLOYMENT_TARGET = 8.0;
			};
			name = Release;
		};
		3A7977102734BB8D0070E684 /* Debug */ = {
			isa = XCBuildConfiguration;
			buildSettings = {
				ASSETCATALOG_COMPILER_APPICON_NAME = AppIcon;
				ASSETCATALOG_COMPILER_GLOBAL_ACCENT_COLOR_NAME = AccentColor;
				CODE_SIGN_STYLE = Automatic;
				CURRENT_PROJECT_VERSION = 1;
				DEVELOPMENT_TEAM = 2Q6N42G82W;
				GENERATE_INFOPLIST_FILE = YES;
				INFOPLIST_FILE = GambleToby_Pickup/Info.plist;
				INFOPLIST_KEY_NSFaceIDUsageDescription = "Face ID is need to authenticate your sign out request.";
				INFOPLIST_KEY_NSLocationWhenInUseUsageDescription = "To search for nearby locations, MapSearch needs access to the user's location when running.";
				INFOPLIST_KEY_UIApplicationSupportsIndirectInputEvents = YES;
				INFOPLIST_KEY_UILaunchStoryboardName = LaunchScreen;
				INFOPLIST_KEY_UIMainStoryboardFile = Main;
				INFOPLIST_KEY_UISupportedInterfaceOrientations_iPad = "UIInterfaceOrientationPortrait UIInterfaceOrientationPortraitUpsideDown UIInterfaceOrientationLandscapeLeft UIInterfaceOrientationLandscapeRight";
				INFOPLIST_KEY_UISupportedInterfaceOrientations_iPhone = UIInterfaceOrientationPortrait;
				IPHONEOS_DEPLOYMENT_TARGET = 15.0;
				LD_RUNPATH_SEARCH_PATHS = (
					"$(inherited)",
					"@executable_path/Frameworks",
				);
				MARKETING_VERSION = 1.0;
				PRODUCT_BUNDLE_IDENTIFIER = "companyname.GambleToby-Pickup";
				PRODUCT_NAME = "$(TARGET_NAME)";
				SDKROOT = iphoneos;
				SWIFT_EMIT_LOC_STRINGS = YES;
				SWIFT_VERSION = 5.0;
				TARGETED_DEVICE_FAMILY = "1,2";
			};
			name = Debug;
		};
		3A7977112734BB8D0070E684 /* Release */ = {
			isa = XCBuildConfiguration;
			buildSettings = {
				ASSETCATALOG_COMPILER_APPICON_NAME = AppIcon;
				ASSETCATALOG_COMPILER_GLOBAL_ACCENT_COLOR_NAME = AccentColor;
				CODE_SIGN_STYLE = Automatic;
				CURRENT_PROJECT_VERSION = 1;
				DEVELOPMENT_TEAM = 2Q6N42G82W;
				GENERATE_INFOPLIST_FILE = YES;
				INFOPLIST_FILE = GambleToby_Pickup/Info.plist;
				INFOPLIST_KEY_NSFaceIDUsageDescription = "Face ID is need to authenticate your sign out request.";
				INFOPLIST_KEY_NSLocationWhenInUseUsageDescription = "To search for nearby locations, MapSearch needs access to the user's location when running.";
				INFOPLIST_KEY_UIApplicationSupportsIndirectInputEvents = YES;
				INFOPLIST_KEY_UILaunchStoryboardName = LaunchScreen;
				INFOPLIST_KEY_UIMainStoryboardFile = Main;
				INFOPLIST_KEY_UISupportedInterfaceOrientations_iPad = "UIInterfaceOrientationPortrait UIInterfaceOrientationPortraitUpsideDown UIInterfaceOrientationLandscapeLeft UIInterfaceOrientationLandscapeRight";
				INFOPLIST_KEY_UISupportedInterfaceOrientations_iPhone = UIInterfaceOrientationPortrait;
				IPHONEOS_DEPLOYMENT_TARGET = 15.0;
				LD_RUNPATH_SEARCH_PATHS = (
					"$(inherited)",
					"@executable_path/Frameworks",
				);
				MARKETING_VERSION = 1.0;
				PRODUCT_BUNDLE_IDENTIFIER = "companyname.GambleToby-Pickup";
				PRODUCT_NAME = "$(TARGET_NAME)";
				SDKROOT = iphoneos;
				SWIFT_EMIT_LOC_STRINGS = YES;
				SWIFT_VERSION = 5.0;
				TARGETED_DEVICE_FAMILY = "1,2";
				VALIDATE_PRODUCT = YES;
			};
			name = Release;
		};
/* End XCBuildConfiguration section */

/* Begin XCConfigurationList section */
		3A7976CD2734BB890070E684 /* Build configuration list for PBXProject "GambleToby_Pickup" */ = {
			isa = XCConfigurationList;
			buildConfigurations = (
				3A7977052734BB8D0070E684 /* Debug */,
				3A7977062734BB8D0070E684 /* Release */,
			);
			defaultConfigurationIsVisible = 0;
			defaultConfigurationName = Release;
		};
		3A7977072734BB8D0070E684 /* Build configuration list for PBXNativeTarget "GambleToby_Pickup WatchKit Extension" */ = {
			isa = XCConfigurationList;
			buildConfigurations = (
				3A7977082734BB8D0070E684 /* Debug */,
				3A7977092734BB8D0070E684 /* Release */,
			);
			defaultConfigurationIsVisible = 0;
			defaultConfigurationName = Release;
		};
		3A79770B2734BB8D0070E684 /* Build configuration list for PBXNativeTarget "GambleToby_Pickup WatchKit App" */ = {
			isa = XCConfigurationList;
			buildConfigurations = (
				3A79770C2734BB8D0070E684 /* Debug */,
				3A79770D2734BB8D0070E684 /* Release */,
			);
			defaultConfigurationIsVisible = 0;
			defaultConfigurationName = Release;
		};
		3A79770F2734BB8D0070E684 /* Build configuration list for PBXNativeTarget "GambleToby_Pickup" */ = {
			isa = XCConfigurationList;
			buildConfigurations = (
				3A7977102734BB8D0070E684 /* Debug */,
				3A7977112734BB8D0070E684 /* Release */,
			);
			defaultConfigurationIsVisible = 0;
			defaultConfigurationName = Release;
		};
/* End XCConfigurationList section */
	};
	rootObject = 3A7976CA2734BB890070E684 /* Project object */;
}
